# This file is generated by running "yarn install" inside your project.
# Manual changes might be lost - proceed with caution!

__metadata:
  version: 8
  cacheKey: 10c0

"@sentry-internal/tracing@npm:7.120.3":
  version: 7.120.3
  resolution: "@sentry-internal/tracing@npm:7.120.3"
  dependencies:
    "@sentry/core": "npm:7.120.3"
    "@sentry/types": "npm:7.120.3"
    "@sentry/utils": "npm:7.120.3"
  checksum: 10c0/97d640121bb137efba6deeecbc80a61cc34b526c89d39a43efc2b8be4be159c1536951d1121503bd5171a7c5e1ef225bc632f3ef35248d6c478865abf7330cf3
  languageName: node
  linkType: hard

"@sentry/core@npm:7.120.3":
  version: 7.120.3
  resolution: "@sentry/core@npm:7.120.3"
  dependencies:
    "@sentry/types": "npm:7.120.3"
    "@sentry/utils": "npm:7.120.3"
  checksum: 10c0/97bcfd423ee9583fae8dc995cefb4839eb59c9d38334ebd1b22398626692aa4df322a5386e3b25a7a96b596155f802169c4ec04e63c1835ea9794955d27ba54a
  languageName: node
  linkType: hard

"@sentry/integrations@npm:7.120.3":
  version: 7.120.3
  resolution: "@sentry/integrations@npm:7.120.3"
  dependencies:
    "@sentry/core": "npm:7.120.3"
    "@sentry/types": "npm:7.120.3"
    "@sentry/utils": "npm:7.120.3"
    localforage: "npm:^1.8.1"
  checksum: 10c0/b539d4725ac2053db94e122a8e11aac4c36218c2e301547aa95956523d552c79a835a9a8e843617be808c565b116d822ede94ee7c806bea69dc9d9f5c1edd575
  languageName: node
  linkType: hard

"@sentry/node@npm:7.120.3":
  version: 7.120.3
  resolution: "@sentry/node@npm:7.120.3"
  dependencies:
    "@sentry-internal/tracing": "npm:7.120.3"
    "@sentry/core": "npm:7.120.3"
    "@sentry/integrations": "npm:7.120.3"
    "@sentry/types": "npm:7.120.3"
    "@sentry/utils": "npm:7.120.3"
  checksum: 10c0/b8a6c7fa530f1bf91498db0b3898095a0b94dee322bd7facae66b9ba45ee867fd383e29ac157cdf4ac98cc040f2349c5a91f072fba9551110aec8d8cf795b78a
  languageName: node
  linkType: hard

"@sentry/types@npm:7.120.3":
  version: 7.120.3
  resolution: "@sentry/types@npm:7.120.3"
  checksum: 10c0/f7c4a46c72dd66a88053d579ad5a0137eaf6882dfe5e942828e750ad80fd8fe98ceec1a6328dfcf31f5a56849dda8ee27f7419125f905f19751119b9662dbdcb
  languageName: node
  linkType: hard

"@sentry/utils@npm:7.120.3":
  version: 7.120.3
  resolution: "@sentry/utils@npm:7.120.3"
  dependencies:
    "@sentry/types": "npm:7.120.3"
  checksum: 10c0/15a1e0a0d29aae668023f68f4b3e4b3bd5353b5f033874d2bf51264206f05036e68b8d6d88078cf807fbb051c20244b1ac73b19a875da76a97e635a38b9fd180
  languageName: node
  linkType: hard

"accepts@npm:^2.0.0":
  version: 2.0.0
  resolution: "accepts@npm:2.0.0"
  dependencies:
    mime-types: "npm:^3.0.0"
    negotiator: "npm:^1.0.0"
  checksum: 10c0/98374742097e140891546076215f90c32644feacf652db48412329de4c2a529178a81aa500fbb13dd3e6cbf6e68d829037b123ac037fc9a08bcec4b87b358eef
  languageName: node
  linkType: hard

"basic-auth@npm:~2.0.1":
  version: 2.0.1
  resolution: "basic-auth@npm:2.0.1"
  dependencies:
    safe-buffer: "npm:5.1.2"
  checksum: 10c0/05f56db3a0fc31c89c86b605231e32ee143fb6ae38dc60616bc0970ae6a0f034172def99e69d3aed0e2c9e7cac84e2d63bc51a0b5ff6ab5fc8808cc8b29923c1
  languageName: node
  linkType: hard

"body-parser@npm:^2.2.0":
  version: 2.2.0
  resolution: "body-parser@npm:2.2.0"
  dependencies:
    bytes: "npm:^3.1.2"
    content-type: "npm:^1.0.5"
    debug: "npm:^4.4.0"
    http-errors: "npm:^2.0.0"
    iconv-lite: "npm:^0.6.3"
    on-finished: "npm:^2.4.1"
    qs: "npm:^6.14.0"
    raw-body: "npm:^3.0.0"
    type-is: "npm:^2.0.0"
  checksum: 10c0/a9ded39e71ac9668e2211afa72e82ff86cc5ef94de1250b7d1ba9cc299e4150408aaa5f1e8b03dd4578472a3ce6d1caa2a23b27a6c18e526e48b4595174c116c
  languageName: node
  linkType: hard

"bytes@npm:3.1.2, bytes@npm:^3.1.2":
  version: 3.1.2
  resolution: "bytes@npm:3.1.2"
  checksum: 10c0/76d1c43cbd602794ad8ad2ae94095cddeb1de78c5dddaa7005c51af10b0176c69971a6d88e805a90c2b6550d76636e43c40d8427a808b8645ede885de4a0358e
  languageName: node
  linkType: hard

"call-bind-apply-helpers@npm:^1.0.1, call-bind-apply-helpers@npm:^1.0.2":
  version: 1.0.2
  resolution: "call-bind-apply-helpers@npm:1.0.2"
  dependencies:
    es-errors: "npm:^1.3.0"
    function-bind: "npm:^1.1.2"
  checksum: 10c0/47bd9901d57b857590431243fea704ff18078b16890a6b3e021e12d279bbf211d039155e27d7566b374d49ee1f8189344bac9833dec7a20cdec370506361c938
  languageName: node
  linkType: hard

"call-bound@npm:^1.0.2":
  version: 1.0.4
  resolution: "call-bound@npm:1.0.4"
  dependencies:
    call-bind-apply-helpers: "npm:^1.0.2"
    get-intrinsic: "npm:^1.3.0"
  checksum: 10c0/f4796a6a0941e71c766aea672f63b72bc61234c4f4964dc6d7606e3664c307e7d77845328a8f3359ce39ddb377fed67318f9ee203dea1d47e46165dcf2917644
  languageName: node
  linkType: hard

"content-disposition@npm:^1.0.0":
  version: 1.0.0
  resolution: "content-disposition@npm:1.0.0"
  dependencies:
    safe-buffer: "npm:5.2.1"
  checksum: 10c0/c7b1ba0cea2829da0352ebc1b7f14787c73884bc707c8bc2271d9e3bf447b372270d09f5d3980dc5037c749ceef56b9a13fccd0b0001c87c3f12579967e4dd27
  languageName: node
  linkType: hard

"content-type@npm:^1.0.5":
  version: 1.0.5
  resolution: "content-type@npm:1.0.5"
  checksum: 10c0/b76ebed15c000aee4678c3707e0860cb6abd4e680a598c0a26e17f0bfae723ec9cc2802f0ff1bc6e4d80603719010431d2231018373d4dde10f9ccff9dadf5af
  languageName: node
  linkType: hard

"cookie-signature@npm:^1.2.1":
  version: 1.2.2
  resolution: "cookie-signature@npm:1.2.2"
  checksum: 10c0/54e05df1a293b3ce81589b27dddc445f462f6fa6812147c033350cd3561a42bc14481674e05ed14c7bd0ce1e8bb3dc0e40851bad75415733711294ddce0b7bc6
  languageName: node
  linkType: hard

"cookie@npm:^0.7.1":
  version: 0.7.2
  resolution: "cookie@npm:0.7.2"
  checksum: 10c0/9596e8ccdbf1a3a88ae02cf5ee80c1c50959423e1022e4e60b91dd87c622af1da309253d8abdb258fb5e3eacb4f08e579dc58b4897b8087574eee0fd35dfa5d2
  languageName: node
  linkType: hard

"debug@npm:2.6.9":
  version: 2.6.9
  resolution: "debug@npm:2.6.9"
  dependencies:
    ms: "npm:2.0.0"
  checksum: 10c0/121908fb839f7801180b69a7e218a40b5a0b718813b886b7d6bdb82001b931c938e2941d1e4450f33a1b1df1da653f5f7a0440c197f29fbf8a6e9d45ff6ef589
  languageName: node
  linkType: hard

"debug@npm:^4.3.5, debug@npm:^4.4.0":
  version: 4.4.0
  resolution: "debug@npm:4.4.0"
  dependencies:
    ms: "npm:^2.1.3"
  peerDependenciesMeta:
    supports-color:
      optional: true
  checksum: 10c0/db94f1a182bf886f57b4755f85b3a74c39b5114b9377b7ab375dc2cfa3454f09490cc6c30f829df3fc8042bc8b8995f6567ce5cd96f3bc3688bd24027197d9de
  languageName: node
  linkType: hard

"depd@npm:2.0.0, depd@npm:^2.0.0, depd@npm:~2.0.0":
  version: 2.0.0
  resolution: "depd@npm:2.0.0"
  checksum: 10c0/58bd06ec20e19529b06f7ad07ddab60e504d9e0faca4bd23079fac2d279c3594334d736508dc350e06e510aba5e22e4594483b3a6562ce7c17dd797f4cc4ad2c
  languageName: node
  linkType: hard

"dunder-proto@npm:^1.0.1":
  version: 1.0.1
  resolution: "dunder-proto@npm:1.0.1"
  dependencies:
    call-bind-apply-helpers: "npm:^1.0.1"
    es-errors: "npm:^1.3.0"
    gopd: "npm:^1.2.0"
  checksum: 10c0/199f2a0c1c16593ca0a145dbf76a962f8033ce3129f01284d48c45ed4e14fea9bbacd7b3610b6cdc33486cef20385ac054948fefc6272fcce645c09468f93031
  languageName: node
  linkType: hard

"ee-first@npm:1.1.1":
  version: 1.1.1
  resolution: "ee-first@npm:1.1.1"
  checksum: 10c0/b5bb125ee93161bc16bfe6e56c6b04de5ad2aa44234d8f644813cc95d861a6910903132b05093706de2b706599367c4130eb6d170f6b46895686b95f87d017b7
  languageName: node
  linkType: hard

"encodeurl@npm:^2.0.0":
  version: 2.0.0
  resolution: "encodeurl@npm:2.0.0"
  checksum: 10c0/5d317306acb13e6590e28e27924c754163946a2480de11865c991a3a7eed4315cd3fba378b543ca145829569eefe9b899f3d84bb09870f675ae60bc924b01ceb
  languageName: node
  linkType: hard

"es-define-property@npm:^1.0.1":
  version: 1.0.1
  resolution: "es-define-property@npm:1.0.1"
  checksum: 10c0/3f54eb49c16c18707949ff25a1456728c883e81259f045003499efba399c08bad00deebf65cccde8c0e07908c1a225c9d472b7107e558f2a48e28d530e34527c
  languageName: node
  linkType: hard

"es-errors@npm:^1.3.0":
  version: 1.3.0
  resolution: "es-errors@npm:1.3.0"
  checksum: 10c0/0a61325670072f98d8ae3b914edab3559b6caa980f08054a3b872052640d91da01d38df55df797fcc916389d77fc92b8d5906cf028f4db46d7e3003abecbca85
  languageName: node
  linkType: hard

"es-object-atoms@npm:^1.0.0, es-object-atoms@npm:^1.1.1":
  version: 1.1.1
  resolution: "es-object-atoms@npm:1.1.1"
  dependencies:
    es-errors: "npm:^1.3.0"
  checksum: 10c0/65364812ca4daf48eb76e2a3b7a89b3f6a2e62a1c420766ce9f692665a29d94fe41fe88b65f24106f449859549711e4b40d9fb8002d862dfd7eb1c512d10be0c
  languageName: node
  linkType: hard

"escape-html@npm:^1.0.3":
  version: 1.0.3
  resolution: "escape-html@npm:1.0.3"
  checksum: 10c0/524c739d776b36c3d29fa08a22e03e8824e3b2fd57500e5e44ecf3cc4707c34c60f9ca0781c0e33d191f2991161504c295e98f68c78fe7baa6e57081ec6ac0a3
  languageName: node
  linkType: hard

"etag@npm:^1.8.1":
  version: 1.8.1
  resolution: "etag@npm:1.8.1"
  checksum: 10c0/12be11ef62fb9817314d790089a0a49fae4e1b50594135dcb8076312b7d7e470884b5100d249b28c18581b7fd52f8b485689ffae22a11ed9ec17377a33a08f84
  languageName: node
  linkType: hard

"express-async-handler@npm:1.2.0":
  version: 1.2.0
  resolution: "express-async-handler@npm:1.2.0"
  checksum: 10c0/0c664965b86d8f6369883080bc7709266215c3c5d7e62ce7b00859e68293720bac409157d4f4ac8859b5fe59608f75b5038ce2b2f683fae356ff9f60874a1341
  languageName: node
  linkType: hard

"express@npm:5.1.0":
  version: 5.1.0
  resolution: "express@npm:5.1.0"
  dependencies:
    accepts: "npm:^2.0.0"
    body-parser: "npm:^2.2.0"
    content-disposition: "npm:^1.0.0"
    content-type: "npm:^1.0.5"
    cookie: "npm:^0.7.1"
    cookie-signature: "npm:^1.2.1"
    debug: "npm:^4.4.0"
    encodeurl: "npm:^2.0.0"
    escape-html: "npm:^1.0.3"
    etag: "npm:^1.8.1"
    finalhandler: "npm:^2.1.0"
    fresh: "npm:^2.0.0"
    http-errors: "npm:^2.0.0"
    merge-descriptors: "npm:^2.0.0"
    mime-types: "npm:^3.0.0"
    on-finished: "npm:^2.4.1"
    once: "npm:^1.4.0"
    parseurl: "npm:^1.3.3"
    proxy-addr: "npm:^2.0.7"
    qs: "npm:^6.14.0"
    range-parser: "npm:^1.2.1"
    router: "npm:^2.2.0"
    send: "npm:^1.1.0"
    serve-static: "npm:^2.2.0"
    statuses: "npm:^2.0.1"
    type-is: "npm:^2.0.1"
    vary: "npm:^1.1.2"
  checksum: 10c0/80ce7c53c5f56887d759b94c3f2283e2e51066c98d4b72a4cc1338e832b77f1e54f30d0239cc10815a0f849bdb753e6a284d2fa48d4ab56faf9c501f55d751d6
  languageName: node
  linkType: hard

"finalhandler@npm:^2.1.0":
  version: 2.1.0
  resolution: "finalhandler@npm:2.1.0"
  dependencies:
    debug: "npm:^4.4.0"
    encodeurl: "npm:^2.0.0"
    escape-html: "npm:^1.0.3"
    on-finished: "npm:^2.4.1"
    parseurl: "npm:^1.3.3"
    statuses: "npm:^2.0.1"
  checksum: 10c0/da0bbca6d03873472ee890564eb2183f4ed377f25f3628a0fc9d16dac40bed7b150a0d82ebb77356e4c6d97d2796ad2dba22948b951dddee2c8768b0d1b9fb1f
  languageName: node
  linkType: hard

"forwarded@npm:0.2.0":
  version: 0.2.0
  resolution: "forwarded@npm:0.2.0"
  checksum: 10c0/9b67c3fac86acdbc9ae47ba1ddd5f2f81526fa4c8226863ede5600a3f7c7416ef451f6f1e240a3cc32d0fd79fcfe6beb08fd0da454f360032bde70bf80afbb33
  languageName: node
  linkType: hard

"fresh@npm:^2.0.0":
  version: 2.0.0
  resolution: "fresh@npm:2.0.0"
  checksum: 10c0/0557548194cb9a809a435bf92bcfbc20c89e8b5eb38861b73ced36750437251e39a111fc3a18b98531be9dd91fe1411e4969f229dc579ec0251ce6c5d4900bbc
  languageName: node
  linkType: hard

"function-bind@npm:^1.1.2":
  version: 1.1.2
  resolution: "function-bind@npm:1.1.2"
  checksum: 10c0/d8680ee1e5fcd4c197e4ac33b2b4dce03c71f4d91717292785703db200f5c21f977c568d28061226f9b5900cbcd2c84463646134fd5337e7925e0942bc3f46d5
  languageName: node
  linkType: hard

"get-intrinsic@npm:^1.2.5, get-intrinsic@npm:^1.3.0":
  version: 1.3.0
  resolution: "get-intrinsic@npm:1.3.0"
  dependencies:
    call-bind-apply-helpers: "npm:^1.0.2"
    es-define-property: "npm:^1.0.1"
    es-errors: "npm:^1.3.0"
    es-object-atoms: "npm:^1.1.1"
    function-bind: "npm:^1.1.2"
    get-proto: "npm:^1.0.1"
    gopd: "npm:^1.2.0"
    has-symbols: "npm:^1.1.0"
    hasown: "npm:^2.0.2"
    math-intrinsics: "npm:^1.1.0"
  checksum: 10c0/52c81808af9a8130f581e6a6a83e1ba4a9f703359e7a438d1369a5267a25412322f03dcbd7c549edaef0b6214a0630a28511d7df0130c93cfd380f4fa0b5b66a
  languageName: node
  linkType: hard

"get-proto@npm:^1.0.1":
  version: 1.0.1
  resolution: "get-proto@npm:1.0.1"
  dependencies:
    dunder-proto: "npm:^1.0.1"
    es-object-atoms: "npm:^1.0.0"
  checksum: 10c0/9224acb44603c5526955e83510b9da41baf6ae73f7398875fba50edc5e944223a89c4a72b070fcd78beb5f7bdda58ecb6294adc28f7acfc0da05f76a2399643c
  languageName: node
  linkType: hard

"gopd@npm:^1.2.0":
  version: 1.2.0
  resolution: "gopd@npm:1.2.0"
  checksum: 10c0/50fff1e04ba2b7737c097358534eacadad1e68d24cccee3272e04e007bed008e68d2614f3987788428fd192a5ae3889d08fb2331417e4fc4a9ab366b2043cead
  languageName: node
  linkType: hard

"has-symbols@npm:^1.1.0":
  version: 1.1.0
  resolution: "has-symbols@npm:1.1.0"
  checksum: 10c0/dde0a734b17ae51e84b10986e651c664379018d10b91b6b0e9b293eddb32f0f069688c841fb40f19e9611546130153e0a2a48fd7f512891fb000ddfa36f5a20e
  languageName: node
  linkType: hard

"hasown@npm:^2.0.2":
  version: 2.0.2
  resolution: "hasown@npm:2.0.2"
  dependencies:
    function-bind: "npm:^1.1.2"
  checksum: 10c0/3769d434703b8ac66b209a4cca0737519925bbdb61dd887f93a16372b14694c63ff4e797686d87c90f08168e81082248b9b028bad60d4da9e0d1148766f56eb9
  languageName: node
  linkType: hard

"http-errors@npm:2.0.0, http-errors@npm:^2.0.0":
  version: 2.0.0
  resolution: "http-errors@npm:2.0.0"
  dependencies:
    depd: "npm:2.0.0"
    inherits: "npm:2.0.4"
    setprototypeof: "npm:1.2.0"
    statuses: "npm:2.0.1"
    toidentifier: "npm:1.0.1"
  checksum: 10c0/fc6f2715fe188d091274b5ffc8b3657bd85c63e969daa68ccb77afb05b071a4b62841acb7a21e417b5539014dff2ebf9550f0b14a9ff126f2734a7c1387f8e19
  languageName: node
  linkType: hard

"iconv-lite@npm:0.6.3, iconv-lite@npm:^0.6.3":
  version: 0.6.3
  resolution: "iconv-lite@npm:0.6.3"
  dependencies:
    safer-buffer: "npm:>= 2.1.2 < 3.0.0"
  checksum: 10c0/98102bc66b33fcf5ac044099d1257ba0b7ad5e3ccd3221f34dd508ab4070edff183276221684e1e0555b145fce0850c9f7d2b60a9fcac50fbb4ea0d6e845a3b1
  languageName: node
  linkType: hard

"immediate@npm:~3.0.5":
  version: 3.0.6
  resolution: "immediate@npm:3.0.6"
  checksum: 10c0/f8ba7ede69bee9260241ad078d2d535848745ff5f6995c7c7cb41cfdc9ccc213f66e10fa5afb881f90298b24a3f7344b637b592beb4f54e582770cdce3f1f039
  languageName: node
  linkType: hard

"inherits@npm:2.0.4":
  version: 2.0.4
  resolution: "inherits@npm:2.0.4"
  checksum: 10c0/4e531f648b29039fb7426fb94075e6545faa1eb9fe83c29f0b6d9e7263aceb4289d2d4557db0d428188eeb449cc7c5e77b0a0b2c4e248ff2a65933a0dee49ef2
  languageName: node
  linkType: hard

"ipaddr.js@npm:1.9.1":
  version: 1.9.1
  resolution: "ipaddr.js@npm:1.9.1"
  checksum: 10c0/0486e775047971d3fdb5fb4f063829bac45af299ae0b82dcf3afa2145338e08290563a2a70f34b732d795ecc8311902e541a8530eeb30d75860a78ff4e94ce2a
  languageName: node
  linkType: hard

"is-promise@npm:^4.0.0":
  version: 4.0.0
  resolution: "is-promise@npm:4.0.0"
  checksum: 10c0/ebd5c672d73db781ab33ccb155fb9969d6028e37414d609b115cc534654c91ccd061821d5b987eefaa97cf4c62f0b909bb2f04db88306de26e91bfe8ddc01503
  languageName: node
  linkType: hard

"lie@npm:3.1.1":
  version: 3.1.1
  resolution: "lie@npm:3.1.1"
  dependencies:
    immediate: "npm:~3.0.5"
  checksum: 10c0/d62685786590351b8e407814acdd89efe1cb136f05cb9236c5a97b2efdca1f631d2997310ad2d565c753db7596799870140e4777c9c9b8c44a0f6bf42d1804a1
  languageName: node
  linkType: hard

"localforage@npm:^1.8.1":
  version: 1.10.0
  resolution: "localforage@npm:1.10.0"
  dependencies:
    lie: "npm:3.1.1"
  checksum: 10c0/00f19f1f97002e6721587ed5017f502d58faf80dae567d5065d4d1ee0caf0762f40d2e2dba7f0ef7d3f14ee6203242daae9ecad97359bfc10ecff36df11d85a3
  languageName: node
  linkType: hard

"lz-string@npm:1.5.0":
  version: 1.5.0
  resolution: "lz-string@npm:1.5.0"
  bin:
    lz-string: bin/bin.js
  checksum: 10c0/36128e4de34791838abe979b19927c26e67201ca5acf00880377af7d765b38d1c60847e01c5ec61b1a260c48029084ab3893a3925fd6e48a04011364b089991b
  languageName: node
  linkType: hard

"math-intrinsics@npm:^1.1.0":
  version: 1.1.0
  resolution: "math-intrinsics@npm:1.1.0"
  checksum: 10c0/7579ff94e899e2f76ab64491d76cf606274c874d8f2af4a442c016bd85688927fcfca157ba6bf74b08e9439dc010b248ce05b96cc7c126a354c3bae7fcb48b7f
  languageName: node
  linkType: hard

"media-typer@npm:^1.1.0":
  version: 1.1.0
  resolution: "media-typer@npm:1.1.0"
  checksum: 10c0/7b4baa40b25964bb90e2121ee489ec38642127e48d0cc2b6baa442688d3fde6262bfdca86d6bbf6ba708784afcac168c06840c71facac70e390f5f759ac121b9
  languageName: node
  linkType: hard

"merge-descriptors@npm:^2.0.0":
  version: 2.0.0
  resolution: "merge-descriptors@npm:2.0.0"
  checksum: 10c0/95389b7ced3f9b36fbdcf32eb946dc3dd1774c2fdf164609e55b18d03aa499b12bd3aae3a76c1c7185b96279e9803525550d3eb292b5224866060a288f335cb3
  languageName: node
  linkType: hard

"mime-db@npm:^1.54.0":
  version: 1.54.0
  resolution: "mime-db@npm:1.54.0"
  checksum: 10c0/8d907917bc2a90fa2df842cdf5dfeaf509adc15fe0531e07bb2f6ab15992416479015828d6a74200041c492e42cce3ebf78e5ce714388a0a538ea9c53eece284
  languageName: node
  linkType: hard

"mime-types@npm:^3.0.0, mime-types@npm:^3.0.1":
  version: 3.0.1
  resolution: "mime-types@npm:3.0.1"
  dependencies:
    mime-db: "npm:^1.54.0"
  checksum: 10c0/bd8c20d3694548089cf229016124f8f40e6a60bbb600161ae13e45f793a2d5bb40f96bbc61f275836696179c77c1d6bf4967b2a75e0a8ad40fe31f4ed5be4da5
  languageName: node
  linkType: hard

"morgan@npm:1.10.0":
  version: 1.10.0
  resolution: "morgan@npm:1.10.0"
  dependencies:
    basic-auth: "npm:~2.0.1"
    debug: "npm:2.6.9"
    depd: "npm:~2.0.0"
    on-finished: "npm:~2.3.0"
    on-headers: "npm:~1.0.2"
  checksum: 10c0/684db061daca28f8d8e3bfd50bd0d21734401b46f74ea76f6df7785d45698fcd98f6d3b81a6bad59f8288c429183afba728c428e8f66d2e8c30fd277af3b5b3a
  languageName: node
  linkType: hard

"ms@npm:2.0.0":
  version: 2.0.0
  resolution: "ms@npm:2.0.0"
  checksum: 10c0/f8fda810b39fd7255bbdc451c46286e549794fcc700dc9cd1d25658bbc4dc2563a5de6fe7c60f798a16a60c6ceb53f033cb353f493f0cf63e5199b702943159d
  languageName: node
  linkType: hard

"ms@npm:^2.1.3":
  version: 2.1.3
  resolution: "ms@npm:2.1.3"
  checksum: 10c0/d924b57e7312b3b63ad21fc5b3dc0af5e78d61a1fc7cfb5457edaf26326bf62be5307cc87ffb6862ef1c2b33b0233cdb5d4f01c4c958cc0d660948b65a287a48
  languageName: node
  linkType: hard

"negotiator@npm:^1.0.0":
  version: 1.0.0
  resolution: "negotiator@npm:1.0.0"
  checksum: 10c0/4c559dd52669ea48e1914f9d634227c561221dd54734070791f999c52ed0ff36e437b2e07d5c1f6e32909fc625fe46491c16e4a8f0572567d4dd15c3a4fda04b
  languageName: node
  linkType: hard

"object-inspect@npm:^1.13.3":
  version: 1.13.4
  resolution: "object-inspect@npm:1.13.4"
  checksum: 10c0/d7f8711e803b96ea3191c745d6f8056ce1f2496e530e6a19a0e92d89b0fa3c76d910c31f0aa270432db6bd3b2f85500a376a83aaba849a8d518c8845b3211692
  languageName: node
  linkType: hard

"on-finished@npm:^2.4.1":
  version: 2.4.1
  resolution: "on-finished@npm:2.4.1"
  dependencies:
    ee-first: "npm:1.1.1"
  checksum: 10c0/46fb11b9063782f2d9968863d9cbba33d77aa13c17f895f56129c274318b86500b22af3a160fe9995aa41317efcd22941b6eba747f718ced08d9a73afdb087b4
  languageName: node
  linkType: hard

"on-finished@npm:~2.3.0":
  version: 2.3.0
  resolution: "on-finished@npm:2.3.0"
  dependencies:
    ee-first: "npm:1.1.1"
  checksum: 10c0/c904f9e518b11941eb60279a3cbfaf1289bd0001f600a950255b1dede9fe3df8cd74f38483550b3bb9485165166acb5db500c3b4c4337aec2815c88c96fcc2ea
  languageName: node
  linkType: hard

"on-headers@npm:~1.0.2":
  version: 1.0.2
  resolution: "on-headers@npm:1.0.2"
  checksum: 10c0/f649e65c197bf31505a4c0444875db0258e198292f34b884d73c2f751e91792ef96bb5cf89aa0f4fecc2e4dc662461dda606b1274b0e564f539cae5d2f5fc32f
  languageName: node
  linkType: hard

"once@npm:^1.4.0":
  version: 1.4.0
  resolution: "once@npm:1.4.0"
  dependencies:
    wrappy: "npm:1"
  checksum: 10c0/5d48aca287dfefabd756621c5dfce5c91a549a93e9fdb7b8246bc4c4790aa2ec17b34a260530474635147aeb631a2dcc8b32c613df0675f96041cbb8244517d0
  languageName: node
  linkType: hard

"parseurl@npm:^1.3.3":
  version: 1.3.3
  resolution: "parseurl@npm:1.3.3"
  checksum: 10c0/90dd4760d6f6174adb9f20cf0965ae12e23879b5f5464f38e92fce8073354341e4b3b76fa3d878351efe7d01e617121955284cfd002ab087fba1a0726ec0b4f5
  languageName: node
  linkType: hard

"passe-un-dessin-drawing-renderer@workspace:.":
  version: 0.0.0-use.local
  resolution: "passe-un-dessin-drawing-renderer@workspace:."
  dependencies:
    "@sentry/node": "npm:7.120.3"
    express: "npm:5.1.0"
    express-async-handler: "npm:1.2.0"
    lz-string: "npm:1.5.0"
    morgan: "npm:1.10.0"
    pg: "npm:8.12.0"
    prettier: "npm:3.3.2"
    shorthash: "npm:0.0.2"
  languageName: unknown
  linkType: soft

"path-to-regexp@npm:^8.0.0":
  version: 8.2.0
  resolution: "path-to-regexp@npm:8.2.0"
  checksum: 10c0/ef7d0a887b603c0a142fad16ccebdcdc42910f0b14830517c724466ad676107476bba2fe9fffd28fd4c141391ccd42ea426f32bb44c2c82ecaefe10c37b90f5a
  languageName: node
  linkType: hard

"pg-cloudflare@npm:^1.1.1":
  version: 1.1.1
  resolution: "pg-cloudflare@npm:1.1.1"
  checksum: 10c0/a68b957f755be6af813d68ccaf4c906a000fd2ecb362cd281220052cc9e2f6c26da3b88792742387008c30b3bf0d2fa3a0eff04aeb8af4414023c99ae78e07bd
  languageName: node
  linkType: hard

"pg-connection-string@npm:^2.6.4":
  version: 2.6.4
  resolution: "pg-connection-string@npm:2.6.4"
  checksum: 10c0/0d0b617df0fc6507bf6a94bdcd56c7a305788a1402d69bff9773350947c8f525d6d8136128065370749a3325e99658ae40fbdcce620fb8e60126181f0591a6a6
  languageName: node
  linkType: hard

"pg-int8@npm:1.0.1":
  version: 1.0.1
  resolution: "pg-int8@npm:1.0.1"
  checksum: 10c0/be6a02d851fc2a4ae3e9de81710d861de3ba35ac927268973eb3cb618873a05b9424656df464dd43bd7dc3fc5295c3f5b3c8349494f87c7af50ec59ef14e0b98
  languageName: node
  linkType: hard

"pg-pool@npm:^3.6.2":
  version: 3.6.2
  resolution: "pg-pool@npm:3.6.2"
  peerDependencies:
    pg: ">=8.0"
  checksum: 10c0/14c524549490954b5e48457a4b808df8f619f6deeb3b395b0cd184a8f4ed65a9273fe0697ba0341a41d6745af197f1437eb1cf51fff0cbbf5b0fb3852ebe5392
  languageName: node
  linkType: hard

"pg-protocol@npm:^1.6.1":
  version: 1.6.1
  resolution: "pg-protocol@npm:1.6.1"
  checksum: 10c0/7eadef4010ac0a3925c460be7332ca4098a5c6d5181725a62193fcfa800000ae6632d98d814f3989b42cf5fdc3b45e34c714a1959d29174e81e30730e140ae5f
  languageName: node
  linkType: hard

"pg-types@npm:^2.1.0":
  version: 2.2.0
  resolution: "pg-types@npm:2.2.0"
  dependencies:
    pg-int8: "npm:1.0.1"
    postgres-array: "npm:~2.0.0"
    postgres-bytea: "npm:~1.0.0"
    postgres-date: "npm:~1.0.4"
    postgres-interval: "npm:^1.1.0"
  checksum: 10c0/ab3f8069a323f601cd2d2279ca8c425447dab3f9b61d933b0601d7ffc00d6200df25e26a4290b2b0783b59278198f7dd2ed03e94c4875797919605116a577c65
  languageName: node
  linkType: hard

"pg@npm:8.12.0":
  version: 8.12.0
  resolution: "pg@npm:8.12.0"
  dependencies:
    pg-cloudflare: "npm:^1.1.1"
    pg-connection-string: "npm:^2.6.4"
    pg-pool: "npm:^3.6.2"
    pg-protocol: "npm:^1.6.1"
    pg-types: "npm:^2.1.0"
    pgpass: "npm:1.x"
  peerDependencies:
    pg-native: ">=3.0.1"
  dependenciesMeta:
    pg-cloudflare:
      optional: true
  peerDependenciesMeta:
    pg-native:
      optional: true
  checksum: 10c0/973e49b5e7327c42fc62806efa8c824159ab7a0b676cefe6eeb51a59b6e226587911ec27697f36c18d69e58a7f4f0b76d0829364087194d13ed431ab7c9c417a
  languageName: node
  linkType: hard

"pgpass@npm:1.x":
  version: 1.0.2
  resolution: "pgpass@npm:1.0.2"
  dependencies:
    split: "npm:^1.0.0"
  checksum: 10c0/dbc6015ce3dc0e6629098d8c3bf4c1efda3f401e5041dbab3e78829cb45e2afdafd41a5d5f04795f3255214d2b22e97670d45f69a48f50caabf1d43fddff191d
  languageName: node
  linkType: hard

"postgres-array@npm:~2.0.0":
  version: 2.0.0
  resolution: "postgres-array@npm:2.0.0"
  checksum: 10c0/cbd56207e4141d7fbf08c86f2aebf21fa7064943d3f808ec85f442ff94b48d891e7a144cc02665fb2de5dbcb9b8e3183a2ac749959e794b4a4cfd379d7a21d08
  languageName: node
  linkType: hard

"postgres-bytea@npm:~1.0.0":
  version: 1.0.0
  resolution: "postgres-bytea@npm:1.0.0"
  checksum: 10c0/febf2364b8a8953695cac159eeb94542ead5886792a9627b97e33f6b5bb6e263bc0706ab47ec221516e79fbd6b2452d668841830fb3b49ec6c0fc29be61892ce
  languageName: node
  linkType: hard

"postgres-date@npm:~1.0.4":
  version: 1.0.7
  resolution: "postgres-date@npm:1.0.7"
  checksum: 10c0/0ff91fccc64003e10b767fcfeefb5eaffbc522c93aa65d5051c49b3c4ce6cb93ab091a7d22877a90ad60b8874202c6f1d0f935f38a7235ed3b258efd54b97ca9
  languageName: node
  linkType: hard

"postgres-interval@npm:^1.1.0":
  version: 1.2.0
  resolution: "postgres-interval@npm:1.2.0"
  dependencies:
    xtend: "npm:^4.0.0"
  checksum: 10c0/c1734c3cb79e7f22579af0b268a463b1fa1d084e742a02a7a290c4f041e349456f3bee3b4ee0bb3f226828597f7b76deb615c1b857db9a742c45520100456272
  languageName: node
  linkType: hard

"prettier@npm:3.3.2":
  version: 3.3.2
  resolution: "prettier@npm:3.3.2"
  bin:
    prettier: bin/prettier.cjs
  checksum: 10c0/39ed27d17f0238da6dd6571d63026566bd790d3d0edac57c285fbab525982060c8f1e01955fe38134ab10f0951a6076da37f015db8173c02f14bc7f0803a384c
  languageName: node
  linkType: hard

"proxy-addr@npm:^2.0.7":
  version: 2.0.7
  resolution: "proxy-addr@npm:2.0.7"
  dependencies:
    forwarded: "npm:0.2.0"
    ipaddr.js: "npm:1.9.1"
  checksum: 10c0/c3eed999781a35f7fd935f398b6d8920b6fb00bbc14287bc6de78128ccc1a02c89b95b56742bf7cf0362cc333c61d138532049c7dedc7a328ef13343eff81210
  languageName: node
  linkType: hard

"qs@npm:^6.14.0":
  version: 6.14.0
  resolution: "qs@npm:6.14.0"
  dependencies:
    side-channel: "npm:^1.1.0"
  checksum: 10c0/8ea5d91bf34f440598ee389d4a7d95820e3b837d3fd9f433871f7924801becaa0cd3b3b4628d49a7784d06a8aea9bc4554d2b6d8d584e2d221dc06238a42909c
  languageName: node
  linkType: hard

"range-parser@npm:^1.2.1":
  version: 1.2.1
  resolution: "range-parser@npm:1.2.1"
  checksum: 10c0/96c032ac2475c8027b7a4e9fe22dc0dfe0f6d90b85e496e0f016fbdb99d6d066de0112e680805075bd989905e2123b3b3d002765149294dce0c1f7f01fcc2ea0
  languageName: node
  linkType: hard

"raw-body@npm:^3.0.0":
  version: 3.0.0
  resolution: "raw-body@npm:3.0.0"
  dependencies:
    bytes: "npm:3.1.2"
    http-errors: "npm:2.0.0"
    iconv-lite: "npm:0.6.3"
    unpipe: "npm:1.0.0"
  checksum: 10c0/f8daf4b724064a4811d118745a781ca0fb4676298b8adadfd6591155549cfea0a067523cf7dd3baeb1265fecc9ce5dfb2fc788c12c66b85202a336593ece0f87
  languageName: node
  linkType: hard

"router@npm:^2.2.0":
  version: 2.2.0
  resolution: "router@npm:2.2.0"
  dependencies:
    debug: "npm:^4.4.0"
    depd: "npm:^2.0.0"
    is-promise: "npm:^4.0.0"
    parseurl: "npm:^1.3.3"
    path-to-regexp: "npm:^8.0.0"
  checksum: 10c0/3279de7450c8eae2f6e095e9edacbdeec0abb5cb7249c6e719faa0db2dba43574b4fff5892d9220631c9abaff52dd3cad648cfea2aaace845e1a071915ac8867
  languageName: node
  linkType: hard

"safe-buffer@npm:5.1.2":
  version: 5.1.2
  resolution: "safe-buffer@npm:5.1.2"
  checksum: 10c0/780ba6b5d99cc9a40f7b951d47152297d0e260f0df01472a1b99d4889679a4b94a13d644f7dbc4f022572f09ae9005fa2fbb93bbbd83643316f365a3e9a45b21
  languageName: node
  linkType: hard

"safe-buffer@npm:5.2.1":
  version: 5.2.1
  resolution: "safe-buffer@npm:5.2.1"
  checksum: 10c0/6501914237c0a86e9675d4e51d89ca3c21ffd6a31642efeba25ad65720bce6921c9e7e974e5be91a786b25aa058b5303285d3c15dbabf983a919f5f630d349f3
  languageName: node
  linkType: hard

"safer-buffer@npm:>= 2.1.2 < 3.0.0":
  version: 2.1.2
  resolution: "safer-buffer@npm:2.1.2"
  checksum: 10c0/7e3c8b2e88a1841c9671094bbaeebd94448111dd90a81a1f606f3f67708a6ec57763b3b47f06da09fc6054193e0e6709e77325415dc8422b04497a8070fa02d4
  languageName: node
  linkType: hard

"send@npm:^1.1.0, send@npm:^1.2.0":
  version: 1.2.0
  resolution: "send@npm:1.2.0"
  dependencies:
    debug: "npm:^4.3.5"
    encodeurl: "npm:^2.0.0"
    escape-html: "npm:^1.0.3"
    etag: "npm:^1.8.1"
    fresh: "npm:^2.0.0"
    http-errors: "npm:^2.0.0"
    mime-types: "npm:^3.0.1"
    ms: "npm:^2.1.3"
    on-finished: "npm:^2.4.1"
    range-parser: "npm:^1.2.1"
    statuses: "npm:^2.0.1"
  checksum: 10c0/531bcfb5616948d3468d95a1fd0adaeb0c20818ba4a500f439b800ca2117971489e02074ce32796fd64a6772ea3e7235fe0583d8241dbd37a053dc3378eff9a5
  languageName: node
  linkType: hard

"serve-static@npm:^2.2.0":
  version: 2.2.0
  resolution: "serve-static@npm:2.2.0"
  dependencies:
    encodeurl: "npm:^2.0.0"
    escape-html: "npm:^1.0.3"
    parseurl: "npm:^1.3.3"
    send: "npm:^1.2.0"
  checksum: 10c0/30e2ed1dbff1984836cfd0c65abf5d3f3f83bcd696c99d2d3c97edbd4e2a3ff4d3f87108a7d713640d290a7b6fe6c15ddcbc61165ab2eaad48ea8d3b52c7f913
  languageName: node
  linkType: hard

"setprototypeof@npm:1.2.0":
  version: 1.2.0
  resolution: "setprototypeof@npm:1.2.0"
  checksum: 10c0/68733173026766fa0d9ecaeb07f0483f4c2dc70ca376b3b7c40b7cda909f94b0918f6c5ad5ce27a9160bdfb475efaa9d5e705a11d8eaae18f9835d20976028bc
  languageName: node
  linkType: hard

"shorthash@npm:0.0.2":
  version: 0.0.2
  resolution: "shorthash@npm:0.0.2"
  checksum: 10c0/e6d23591dc0b0ddb7fd302fdfd9e624461075460d5283d6f4efc593168a70d1c3305accaf0911966b7fa715b3ba1e4ec288fbe6128cda6cf00b6f1688ce05a0f
  languageName: node
  linkType: hard

"side-channel-list@npm:^1.0.0":
  version: 1.0.0
  resolution: "side-channel-list@npm:1.0.0"
  dependencies:
    es-errors: "npm:^1.3.0"
    object-inspect: "npm:^1.13.3"
  checksum: 10c0/644f4ac893456c9490ff388bf78aea9d333d5e5bfc64cfb84be8f04bf31ddc111a8d4b83b85d7e7e8a7b845bc185a9ad02c052d20e086983cf59f0be517d9b3d
  languageName: node
  linkType: hard

"side-channel-map@npm:^1.0.1":
  version: 1.0.1
  resolution: "side-channel-map@npm:1.0.1"
  dependencies:
    call-bound: "npm:^1.0.2"
    es-errors: "npm:^1.3.0"
    get-intrinsic: "npm:^1.2.5"
    object-inspect: "npm:^1.13.3"
  checksum: 10c0/010584e6444dd8a20b85bc926d934424bd809e1a3af941cace229f7fdcb751aada0fb7164f60c2e22292b7fa3c0ff0bce237081fd4cdbc80de1dc68e95430672
  languageName: node
  linkType: hard

"side-channel-weakmap@npm:^1.0.2":
  version: 1.0.2
  resolution: "side-channel-weakmap@npm:1.0.2"
  dependencies:
    call-bound: "npm:^1.0.2"
    es-errors: "npm:^1.3.0"
    get-intrinsic: "npm:^1.2.5"
    object-inspect: "npm:^1.13.3"
    side-channel-map: "npm:^1.0.1"
  checksum: 10c0/71362709ac233e08807ccd980101c3e2d7efe849edc51455030327b059f6c4d292c237f94dc0685031dd11c07dd17a68afde235d6cf2102d949567f98ab58185
  languageName: node
  linkType: hard

"side-channel@npm:^1.1.0":
  version: 1.1.0
  resolution: "side-channel@npm:1.1.0"
  dependencies:
    es-errors: "npm:^1.3.0"
    object-inspect: "npm:^1.13.3"
    side-channel-list: "npm:^1.0.0"
    side-channel-map: "npm:^1.0.1"
    side-channel-weakmap: "npm:^1.0.2"
  checksum: 10c0/cb20dad41eb032e6c24c0982e1e5a24963a28aa6122b4f05b3f3d6bf8ae7fd5474ef382c8f54a6a3ab86e0cac4d41a23bd64ede3970e5bfb50326ba02a7996e6
  languageName: node
  linkType: hard

"split@npm:^1.0.0":
  version: 1.0.1
  resolution: "split@npm:1.0.1"
  dependencies:
    through: "npm:2"
  checksum: 10c0/7f489e7ed5ff8a2e43295f30a5197ffcb2d6202c9cf99357f9690d645b19c812bccf0be3ff336fea5054cda17ac96b91d67147d95dbfc31fbb5804c61962af85
  languageName: node
  linkType: hard

"statuses@npm:2.0.1, statuses@npm:^2.0.1":
  version: 2.0.1
  resolution: "statuses@npm:2.0.1"
  checksum: 10c0/34378b207a1620a24804ce8b5d230fea0c279f00b18a7209646d5d47e419d1cc23e7cbf33a25a1e51ac38973dc2ac2e1e9c647a8e481ef365f77668d72becfd0
  languageName: node
  linkType: hard

"through@npm:2":
  version: 2.3.8
  resolution: "through@npm:2.3.8"
  checksum: 10c0/4b09f3774099de0d4df26d95c5821a62faee32c7e96fb1f4ebd54a2d7c11c57fe88b0a0d49cf375de5fee5ae6bf4eb56dbbf29d07366864e2ee805349970d3cc
  languageName: node
  linkType: hard

"toidentifier@npm:1.0.1":
  version: 1.0.1
  resolution: "toidentifier@npm:1.0.1"
  checksum: 10c0/93937279934bd66cc3270016dd8d0afec14fb7c94a05c72dc57321f8bd1fa97e5bea6d1f7c89e728d077ca31ea125b78320a616a6c6cd0e6b9cb94cb864381c1
  languageName: node
  linkType: hard

"type-is@npm:^2.0.0, type-is@npm:^2.0.1":
  version: 2.0.1
  resolution: "type-is@npm:2.0.1"
  dependencies:
    content-type: "npm:^1.0.5"
    media-typer: "npm:^1.1.0"
    mime-types: "npm:^3.0.0"
  checksum: 10c0/7f7ec0a060b16880bdad36824ab37c26019454b67d73e8a465ed5a3587440fbe158bc765f0da68344498235c877e7dbbb1600beccc94628ed05599d667951b99
  languageName: node
  linkType: hard

"unpipe@npm:1.0.0":
  version: 1.0.0
  resolution: "unpipe@npm:1.0.0"
  checksum: 10c0/193400255bd48968e5c5383730344fbb4fa114cdedfab26e329e50dd2d81b134244bb8a72c6ac1b10ab0281a58b363d06405632c9d49ca9dfd5e90cbd7d0f32c
  languageName: node
  linkType: hard

"vary@npm:^1.1.2":
  version: 1.1.2
  resolution: "vary@npm:1.1.2"
  checksum: 10c0/f15d588d79f3675135ba783c91a4083dcd290a2a5be9fcb6514220a1634e23df116847b1cc51f66bfb0644cf9353b2abb7815ae499bab06e46dd33c1a6bf1f4f
  languageName: node
  linkType: hard

"wrappy@npm:1":
  version: 1.0.2
  resolution: "wrappy@npm:1.0.2"
  checksum: 10c0/56fece1a4018c6a6c8e28fbc88c87e0fbf4ea8fd64fc6c63b18f4acc4bd13e0ad2515189786dd2c30d3eec9663d70f4ecf699330002f8ccb547e4a18231fc9f0
  languageName: node
  linkType: hard

"xtend@npm:^4.0.0":
  version: 4.0.2
  resolution: "xtend@npm:4.0.2"
  checksum: 10c0/366ae4783eec6100f8a02dff02ac907bf29f9a00b82ac0264b4d8b832ead18306797e283cf19de776538babfdcb2101375ec5646b59f08c52128ac4ab812ed0e
  languageName: node
  linkType: hard
